
Microsoft Visual Studio Solution File, Format Version 12.00
# Visual Studio Version 17
VisualStudioVersion = 17.7.34031.279
MinimumVisualStudioVersion = 10.0.40219.1
Project("{FAE04EC0-301F-11D3-BF4B-00C04F79EFBC}") = "Labb5MorganWestinOop", "Labb5MorganWestinOop.csproj", "{1B52F90C-CA96-426F-9317-070C3C830CAA}"
EndProject
Global
	GlobalSection(SolutionConfigurationPlatforms) = preSolution
		Debug|Any CPU = Debug|Any CPU
		Release|Any CPU = Release|Any CPU
	EndGlobalSection
	GlobalSection(ProjectConfigurationPlatforms) = postSolution
		{1B52F90C-CA96-426F-9317-070C3C830CAA}.Debug|Any CPU.ActiveCfg = Debug|Any CPU
		{1B52F90C-CA96-426F-9317-070C3C830CAA}.Debug|Any CPU.Build.0 = Debug|Any CPU
		{1B52F90C-CA96-426F-9317-070C3C830CAA}.Release|Any CPU.ActiveCfg = Release|Any CPU
		{1B52F90C-CA96-426F-9317-070C3C830CAA}.Release|Any CPU.Build.0 = Release|Any CPU
	EndGlobalSection
	GlobalSection(SolutionProperties) = preSolution
		HideSolutionNode = FALSE
	EndGlobalSection
	GlobalSection(ExtensibilityGlobals) = postSolution
		SolutionGuid = {40454620-17AF-4CC2-870C-F0C69744FC31}
	EndGlobalSection
EndGlobal
